
Microsoft Visual Studio Solution File, Format Version 12.00
# Visual Studio Version 17
VisualStudioVersion = 17.0.31903.59
MinimumVisualStudioVersion = 10.0.40219.1
Project("{2150E333-8FDC-42A3-9474-1A3956D46DE8}") = "src", "src", "{9C9A2CC7-16DC-4E70-934D-1DA848B2839A}"
EndProject
Project("{2150E333-8FDC-42A3-9474-1A3956D46DE8}") = "Presentation", "Presentation", "{5CF135D9-869B-4B62-80BB-10ED66C485C0}"
EndProject
Project("{FAE04EC0-301F-11D3-BF4B-00C04F79EFBC}") = "Anka.Api", "src\Presentation\Anka.Api\Anka.Api.csproj", "{A1B1E86B-99F1-430C-A10E-CB2E92728E44}"
EndProject
Project("{2150E333-8FDC-42A3-9474-1A3956D46DE8}") = "Core", "Core", "{262CDB8C-20DF-490E-8DBD-C47AC5C512F2}"
EndProject
Project("{FAE04EC0-301F-11D3-BF4B-00C04F79EFBC}") = "Anka.App", "src\Core\Anka.App\Anka.App.csproj", "{734BA0A6-6700-4B06-8D90-AB3AFD9EB247}"
EndProject
Project("{FAE04EC0-301F-11D3-BF4B-00C04F79EFBC}") = "Anka.Domain", "src\Core\Anka.Domain\Anka.Domain.csproj", "{5C32AD5B-06AC-4E58-A200-BD6CC96972F0}"
EndProject
Project("{FAE04EC0-301F-11D3-BF4B-00C04F79EFBC}") = "Anka.DataAccess", "src\Core\Anka.DataAccess\Anka.DataAccess.csproj", "{784CF242-0A3C-4C52-A8F4-0AA1358F5619}"
EndProject
Project("{2150E333-8FDC-42A3-9474-1A3956D46DE8}") = "Common", "Common", "{5110926C-B20E-4CDB-BDCD-B665B8D53AEB}"
EndProject
Project("{FAE04EC0-301F-11D3-BF4B-00C04F79EFBC}") = "Anka.Dtos", "src\Common\Anka.Dtos\Anka.Dtos.csproj", "{86DD7F8D-6C4F-4B5C-8535-420D7EAC2EFA}"
EndProject
Project("{FAE04EC0-301F-11D3-BF4B-00C04F79EFBC}") = "Anka.Client", "src\Common\Anka.Client\Anka.Client.csproj", "{1BAF4613-D1DC-4A61-86CB-3829AD11C5AF}"
EndProject
Project("{2150E333-8FDC-42A3-9474-1A3956D46DE8}") = "Components", "Components", "{BC8C5F27-CF78-4B3C-8755-8739301ADBE0}"
EndProject
Project("{FAE04EC0-301F-11D3-BF4B-00C04F79EFBC}") = "Anka.Components", "src\Components\Anka.Components\Anka.Components.csproj", "{B9F5AF67-C67F-4898-82AF-2F1BBEDD1D9F}"
EndProject
Global
	GlobalSection(SolutionConfigurationPlatforms) = preSolution
		Debug|Any CPU = Debug|Any CPU
		Release|Any CPU = Release|Any CPU
	EndGlobalSection
	GlobalSection(SolutionProperties) = preSolution
		HideSolutionNode = FALSE
	EndGlobalSection
	GlobalSection(ProjectConfigurationPlatforms) = postSolution
		{A1B1E86B-99F1-430C-A10E-CB2E92728E44}.Debug|Any CPU.ActiveCfg = Debug|Any CPU
		{A1B1E86B-99F1-430C-A10E-CB2E92728E44}.Debug|Any CPU.Build.0 = Debug|Any CPU
		{A1B1E86B-99F1-430C-A10E-CB2E92728E44}.Release|Any CPU.ActiveCfg = Release|Any CPU
		{A1B1E86B-99F1-430C-A10E-CB2E92728E44}.Release|Any CPU.Build.0 = Release|Any CPU
		{734BA0A6-6700-4B06-8D90-AB3AFD9EB247}.Debug|Any CPU.ActiveCfg = Debug|Any CPU
		{734BA0A6-6700-4B06-8D90-AB3AFD9EB247}.Debug|Any CPU.Build.0 = Debug|Any CPU
		{734BA0A6-6700-4B06-8D90-AB3AFD9EB247}.Release|Any CPU.ActiveCfg = Release|Any CPU
		{734BA0A6-6700-4B06-8D90-AB3AFD9EB247}.Release|Any CPU.Build.0 = Release|Any CPU
		{5C32AD5B-06AC-4E58-A200-BD6CC96972F0}.Debug|Any CPU.ActiveCfg = Debug|Any CPU
		{5C32AD5B-06AC-4E58-A200-BD6CC96972F0}.Debug|Any CPU.Build.0 = Debug|Any CPU
		{5C32AD5B-06AC-4E58-A200-BD6CC96972F0}.Release|Any CPU.ActiveCfg = Release|Any CPU
		{5C32AD5B-06AC-4E58-A200-BD6CC96972F0}.Release|Any CPU.Build.0 = Release|Any CPU
		{784CF242-0A3C-4C52-A8F4-0AA1358F5619}.Debug|Any CPU.ActiveCfg = Debug|Any CPU
		{784CF242-0A3C-4C52-A8F4-0AA1358F5619}.Debug|Any CPU.Build.0 = Debug|Any CPU
		{784CF242-0A3C-4C52-A8F4-0AA1358F5619}.Release|Any CPU.ActiveCfg = Release|Any CPU
		{784CF242-0A3C-4C52-A8F4-0AA1358F5619}.Release|Any CPU.Build.0 = Release|Any CPU
		{86DD7F8D-6C4F-4B5C-8535-420D7EAC2EFA}.Debug|Any CPU.ActiveCfg = Debug|Any CPU
		{86DD7F8D-6C4F-4B5C-8535-420D7EAC2EFA}.Debug|Any CPU.Build.0 = Debug|Any CPU
		{86DD7F8D-6C4F-4B5C-8535-420D7EAC2EFA}.Release|Any CPU.ActiveCfg = Release|Any CPU
		{86DD7F8D-6C4F-4B5C-8535-420D7EAC2EFA}.Release|Any CPU.Build.0 = Release|Any CPU
		{1BAF4613-D1DC-4A61-86CB-3829AD11C5AF}.Debug|Any CPU.ActiveCfg = Debug|Any CPU
		{1BAF4613-D1DC-4A61-86CB-3829AD11C5AF}.Debug|Any CPU.Build.0 = Debug|Any CPU
		{1BAF4613-D1DC-4A61-86CB-3829AD11C5AF}.Release|Any CPU.ActiveCfg = Release|Any CPU
		{1BAF4613-D1DC-4A61-86CB-3829AD11C5AF}.Release|Any CPU.Build.0 = Release|Any CPU
		{B9F5AF67-C67F-4898-82AF-2F1BBEDD1D9F}.Debug|Any CPU.ActiveCfg = Debug|Any CPU
		{B9F5AF67-C67F-4898-82AF-2F1BBEDD1D9F}.Debug|Any CPU.Build.0 = Debug|Any CPU
		{B9F5AF67-C67F-4898-82AF-2F1BBEDD1D9F}.Release|Any CPU.ActiveCfg = Release|Any CPU
		{B9F5AF67-C67F-4898-82AF-2F1BBEDD1D9F}.Release|Any CPU.Build.0 = Release|Any CPU
	EndGlobalSection
	GlobalSection(NestedProjects) = preSolution
		{5CF135D9-869B-4B62-80BB-10ED66C485C0} = {9C9A2CC7-16DC-4E70-934D-1DA848B2839A}
		{A1B1E86B-99F1-430C-A10E-CB2E92728E44} = {5CF135D9-869B-4B62-80BB-10ED66C485C0}
		{262CDB8C-20DF-490E-8DBD-C47AC5C512F2} = {9C9A2CC7-16DC-4E70-934D-1DA848B2839A}
		{734BA0A6-6700-4B06-8D90-AB3AFD9EB247} = {262CDB8C-20DF-490E-8DBD-C47AC5C512F2}
		{5C32AD5B-06AC-4E58-A200-BD6CC96972F0} = {262CDB8C-20DF-490E-8DBD-C47AC5C512F2}
		{784CF242-0A3C-4C52-A8F4-0AA1358F5619} = {262CDB8C-20DF-490E-8DBD-C47AC5C512F2}
		{5110926C-B20E-4CDB-BDCD-B665B8D53AEB} = {9C9A2CC7-16DC-4E70-934D-1DA848B2839A}
		{86DD7F8D-6C4F-4B5C-8535-420D7EAC2EFA} = {5110926C-B20E-4CDB-BDCD-B665B8D53AEB}
		{1BAF4613-D1DC-4A61-86CB-3829AD11C5AF} = {5110926C-B20E-4CDB-BDCD-B665B8D53AEB}
		{BC8C5F27-CF78-4B3C-8755-8739301ADBE0} = {9C9A2CC7-16DC-4E70-934D-1DA848B2839A}
		{B9F5AF67-C67F-4898-82AF-2F1BBEDD1D9F} = {BC8C5F27-CF78-4B3C-8755-8739301ADBE0}
	EndGlobalSection
EndGlobal
